
Microsoft Visual Studio Solution File, Format Version 12.00
# Visual Studio Version 17
VisualStudioVersion = 17.5.002.0
MinimumVisualStudioVersion = 10.0.40219.1
Project("{9A19103F-16F7-4668-BE54-9A1E7A4F7556}") = "task2", "task2.csproj", "{90B048E2-62AE-402A-A677-64645D2D8BAC}"
EndProject
Global
	GlobalSection(SolutionConfigurationPlatforms) = preSolution
		Debug|Any CPU = Debug|Any CPU
		Release|Any CPU = Release|Any CPU
	EndGlobalSection
	GlobalSection(ProjectConfigurationPlatforms) = postSolution
		{90B048E2-62AE-402A-A677-64645D2D8BAC}.Debug|Any CPU.ActiveCfg = Debug|Any CPU
		{90B048E2-62AE-402A-A677-64645D2D8BAC}.Debug|Any CPU.Build.0 = Debug|Any CPU
		{90B048E2-62AE-402A-A677-64645D2D8BAC}.Release|Any CPU.ActiveCfg = Release|Any CPU
		{90B048E2-62AE-402A-A677-64645D2D8BAC}.Release|Any CPU.Build.0 = Release|Any CPU
	EndGlobalSection
	GlobalSection(SolutionProperties) = preSolution
		HideSolutionNode = FALSE
	EndGlobalSection
	GlobalSection(ExtensibilityGlobals) = postSolution
		SolutionGuid = {353B7864-23DE-4257-90E1-C94EC1F55D19}
	EndGlobalSection
EndGlobal
